
Microsoft Visual Studio Solution File, Format Version 12.00
# Visual Studio Version 17
VisualStudioVersion = 17.7.34018.315
MinimumVisualStudioVersion = 10.0.40219.1
Project("{FAE04EC0-301F-11D3-BF4B-00C04F79EFBC}") = "AstroMath", "AstroMath\AstroMath.csproj", "{4E90403F-C8A2-4A70-A92C-F45ECF731D20}"
EndProject
Global
	GlobalSection(SolutionConfigurationPlatforms) = preSolution
		Debug|Any CPU = Debug|Any CPU
		Release|Any CPU = Release|Any CPU
	EndGlobalSection
	GlobalSection(ProjectConfigurationPlatforms) = postSolution
		{4E90403F-C8A2-4A70-A92C-F45ECF731D20}.Debug|Any CPU.ActiveCfg = Debug|Any CPU
		{4E90403F-C8A2-4A70-A92C-F45ECF731D20}.Debug|Any CPU.Build.0 = Debug|Any CPU
		{4E90403F-C8A2-4A70-A92C-F45ECF731D20}.Release|Any CPU.ActiveCfg = Release|Any CPU
		{4E90403F-C8A2-4A70-A92C-F45ECF731D20}.Release|Any CPU.Build.0 = Release|Any CPU
	EndGlobalSection
	GlobalSection(SolutionProperties) = preSolution
		HideSolutionNode = FALSE
	EndGlobalSection
	GlobalSection(ExtensibilityGlobals) = postSolution
		SolutionGuid = {EFD86995-9474-470B-A566-66E1CBECC3C4}
	EndGlobalSection
EndGlobal
